
Microsoft Visual Studio Solution File, Format Version 12.00
# Visual Studio Version 17
VisualStudioVersion = 17.4.33213.308
MinimumVisualStudioVersion = 10.0.40219.1
Project("{FAE04EC0-301F-11D3-BF4B-00C04F79EFBC}") = "AdvancedDatabaseAndORM", "AdvancedDatabaseAndORM.csproj", "{DA91935A-7CEB-49F9-B9C1-C25356FB5537}"
EndProject
Global
	GlobalSection(SolutionConfigurationPlatforms) = preSolution
		Debug|Any CPU = Debug|Any CPU
		Release|Any CPU = Release|Any CPU
	EndGlobalSection
	GlobalSection(ProjectConfigurationPlatforms) = postSolution
		{DA91935A-7CEB-49F9-B9C1-C25356FB5537}.Debug|Any CPU.ActiveCfg = Debug|Any CPU
		{DA91935A-7CEB-49F9-B9C1-C25356FB5537}.Debug|Any CPU.Build.0 = Debug|Any CPU
		{DA91935A-7CEB-49F9-B9C1-C25356FB5537}.Release|Any CPU.ActiveCfg = Release|Any CPU
		{DA91935A-7CEB-49F9-B9C1-C25356FB5537}.Release|Any CPU.Build.0 = Release|Any CPU
	EndGlobalSection
	GlobalSection(SolutionProperties) = preSolution
		HideSolutionNode = FALSE
	EndGlobalSection
	GlobalSection(ExtensibilityGlobals) = postSolution
		SolutionGuid = {B60F9122-B689-48FA-8D5D-62E687677B84}
	EndGlobalSection
EndGlobal
